
Microsoft Visual Studio Solution File, Format Version 12.00
# Visual Studio Version 17
VisualStudioVersion = 17.4.33122.133
MinimumVisualStudioVersion = 10.0.40219.1
Project("{FAE04EC0-301F-11D3-BF4B-00C04F79EFBC}") = "Katkov362", "Katkov362\Katkov362.csproj", "{4D483CDB-52B6-4934-92A3-1A7E9A578B8E}"
EndProject
Project("{FAE04EC0-301F-11D3-BF4B-00C04F79EFBC}") = "KatkovLibrary", "KatkovLibrary\KatkovLibrary.csproj", "{1B12CD78-2DE0-43CA-965C-297BDCEA7420}"
EndProject
Global
	GlobalSection(SolutionConfigurationPlatforms) = preSolution
		Debug|Any CPU = Debug|Any CPU
		Release|Any CPU = Release|Any CPU
	EndGlobalSection
	GlobalSection(ProjectConfigurationPlatforms) = postSolution
		{4D483CDB-52B6-4934-92A3-1A7E9A578B8E}.Debug|Any CPU.ActiveCfg = Debug|Any CPU
		{4D483CDB-52B6-4934-92A3-1A7E9A578B8E}.Debug|Any CPU.Build.0 = Debug|Any CPU
		{4D483CDB-52B6-4934-92A3-1A7E9A578B8E}.Release|Any CPU.ActiveCfg = Release|Any CPU
		{4D483CDB-52B6-4934-92A3-1A7E9A578B8E}.Release|Any CPU.Build.0 = Release|Any CPU
		{1B12CD78-2DE0-43CA-965C-297BDCEA7420}.Debug|Any CPU.ActiveCfg = Debug|Any CPU
		{1B12CD78-2DE0-43CA-965C-297BDCEA7420}.Debug|Any CPU.Build.0 = Debug|Any CPU
		{1B12CD78-2DE0-43CA-965C-297BDCEA7420}.Release|Any CPU.ActiveCfg = Release|Any CPU
		{1B12CD78-2DE0-43CA-965C-297BDCEA7420}.Release|Any CPU.Build.0 = Release|Any CPU
	EndGlobalSection
	GlobalSection(SolutionProperties) = preSolution
		HideSolutionNode = FALSE
	EndGlobalSection
	GlobalSection(ExtensibilityGlobals) = postSolution
		SolutionGuid = {268FD102-D32B-4E6E-8F07-02530AF54F84}
	EndGlobalSection
EndGlobal
